
Microsoft Visual Studio Solution File, Format Version 12.00
# Visual Studio Version 16
VisualStudioVersion = 16.0.31321.278
MinimumVisualStudioVersion = 10.0.40219.1
Project("{FAE04EC0-301F-11D3-BF4B-00C04F79EFBC}") = "Xamarin forms khawi.Android", "Xamarin forms khawi\Xamarin forms khawi.Android\Xamarin forms khawi.Android.csproj", "{E18A9A73-B15A-4CD4-B98A-F8A7C52EAE90}"
EndProject
Project("{FAE04EC0-301F-11D3-BF4B-00C04F79EFBC}") = "Xamarin forms khawi.iOS", "Xamarin forms khawi\Xamarin forms khawi.iOS\Xamarin forms khawi.iOS.csproj", "{40175A3E-AF5E-4082-8E9B-63ED316F3EE8}"
EndProject
Project("{FAE04EC0-301F-11D3-BF4B-00C04F79EFBC}") = "Xamarin forms khawi", "Xamarin forms khawi\Xamarin forms khawi\Xamarin forms khawi.csproj", "{AD1767D4-4636-4A86-9312-AA1829B063C0}"
EndProject
Global
	GlobalSection(SolutionConfigurationPlatforms) = preSolution
		Debug|Any CPU = Debug|Any CPU
		Debug|iPhone = Debug|iPhone
		Debug|iPhoneSimulator = Debug|iPhoneSimulator
		Release|Any CPU = Release|Any CPU
		Release|iPhone = Release|iPhone
		Release|iPhoneSimulator = Release|iPhoneSimulator
	EndGlobalSection
	GlobalSection(ProjectConfigurationPlatforms) = postSolution
		{E18A9A73-B15A-4CD4-B98A-F8A7C52EAE90}.Debug|Any CPU.ActiveCfg = Debug|Any CPU
		{E18A9A73-B15A-4CD4-B98A-F8A7C52EAE90}.Debug|Any CPU.Build.0 = Debug|Any CPU
		{E18A9A73-B15A-4CD4-B98A-F8A7C52EAE90}.Debug|Any CPU.Deploy.0 = Debug|Any CPU
		{E18A9A73-B15A-4CD4-B98A-F8A7C52EAE90}.Debug|iPhone.ActiveCfg = Debug|Any CPU
		{E18A9A73-B15A-4CD4-B98A-F8A7C52EAE90}.Debug|iPhone.Build.0 = Debug|Any CPU
		{E18A9A73-B15A-4CD4-B98A-F8A7C52EAE90}.Debug|iPhone.Deploy.0 = Debug|Any CPU
		{E18A9A73-B15A-4CD4-B98A-F8A7C52EAE90}.Debug|iPhoneSimulator.ActiveCfg = Debug|Any CPU
		{E18A9A73-B15A-4CD4-B98A-F8A7C52EAE90}.Debug|iPhoneSimulator.Build.0 = Debug|Any CPU
		{E18A9A73-B15A-4CD4-B98A-F8A7C52EAE90}.Debug|iPhoneSimulator.Deploy.0 = Debug|Any CPU
		{E18A9A73-B15A-4CD4-B98A-F8A7C52EAE90}.Release|Any CPU.ActiveCfg = Release|Any CPU
		{E18A9A73-B15A-4CD4-B98A-F8A7C52EAE90}.Release|Any CPU.Build.0 = Release|Any CPU
		{E18A9A73-B15A-4CD4-B98A-F8A7C52EAE90}.Release|Any CPU.Deploy.0 = Release|Any CPU
		{E18A9A73-B15A-4CD4-B98A-F8A7C52EAE90}.Release|iPhone.ActiveCfg = Release|Any CPU
		{E18A9A73-B15A-4CD4-B98A-F8A7C52EAE90}.Release|iPhone.Build.0 = Release|Any CPU
		{E18A9A73-B15A-4CD4-B98A-F8A7C52EAE90}.Release|iPhone.Deploy.0 = Release|Any CPU
		{E18A9A73-B15A-4CD4-B98A-F8A7C52EAE90}.Release|iPhoneSimulator.ActiveCfg = Release|Any CPU
		{E18A9A73-B15A-4CD4-B98A-F8A7C52EAE90}.Release|iPhoneSimulator.Build.0 = Release|Any CPU
		{E18A9A73-B15A-4CD4-B98A-F8A7C52EAE90}.Release|iPhoneSimulator.Deploy.0 = Release|Any CPU
		{40175A3E-AF5E-4082-8E9B-63ED316F3EE8}.Debug|Any CPU.ActiveCfg = Debug|iPhone
		{40175A3E-AF5E-4082-8E9B-63ED316F3EE8}.Debug|Any CPU.Build.0 = Debug|iPhone
		{40175A3E-AF5E-4082-8E9B-63ED316F3EE8}.Debug|Any CPU.Deploy.0 = Debug|iPhone
		{40175A3E-AF5E-4082-8E9B-63ED316F3EE8}.Debug|iPhone.ActiveCfg = Debug|iPhone
		{40175A3E-AF5E-4082-8E9B-63ED316F3EE8}.Debug|iPhone.Build.0 = Debug|iPhone
		{40175A3E-AF5E-4082-8E9B-63ED316F3EE8}.Debug|iPhone.Deploy.0 = Debug|iPhone
		{40175A3E-AF5E-4082-8E9B-63ED316F3EE8}.Debug|iPhoneSimulator.ActiveCfg = Debug|iPhoneSimulator
		{40175A3E-AF5E-4082-8E9B-63ED316F3EE8}.Debug|iPhoneSimulator.Build.0 = Debug|iPhoneSimulator
		{40175A3E-AF5E-4082-8E9B-63ED316F3EE8}.Debug|iPhoneSimulator.Deploy.0 = Debug|iPhoneSimulator
		{40175A3E-AF5E-4082-8E9B-63ED316F3EE8}.Release|Any CPU.ActiveCfg = Release|iPhoneSimulator
		{40175A3E-AF5E-4082-8E9B-63ED316F3EE8}.Release|Any CPU.Build.0 = Release|iPhoneSimulator
		{40175A3E-AF5E-4082-8E9B-63ED316F3EE8}.Release|Any CPU.Deploy.0 = Release|iPhoneSimulator
		{40175A3E-AF5E-4082-8E9B-63ED316F3EE8}.Release|iPhone.ActiveCfg = Release|iPhone
		{40175A3E-AF5E-4082-8E9B-63ED316F3EE8}.Release|iPhone.Build.0 = Release|iPhone
		{40175A3E-AF5E-4082-8E9B-63ED316F3EE8}.Release|iPhone.Deploy.0 = Release|iPhone
		{40175A3E-AF5E-4082-8E9B-63ED316F3EE8}.Release|iPhoneSimulator.ActiveCfg = Release|iPhoneSimulator
		{40175A3E-AF5E-4082-8E9B-63ED316F3EE8}.Release|iPhoneSimulator.Build.0 = Release|iPhoneSimulator
		{40175A3E-AF5E-4082-8E9B-63ED316F3EE8}.Release|iPhoneSimulator.Deploy.0 = Release|iPhoneSimulator
		{AD1767D4-4636-4A86-9312-AA1829B063C0}.Debug|Any CPU.ActiveCfg = Debug|Any CPU
		{AD1767D4-4636-4A86-9312-AA1829B063C0}.Debug|Any CPU.Build.0 = Debug|Any CPU
		{AD1767D4-4636-4A86-9312-AA1829B063C0}.Debug|Any CPU.Deploy.0 = Debug|Any CPU
		{AD1767D4-4636-4A86-9312-AA1829B063C0}.Debug|iPhone.ActiveCfg = Debug|Any CPU
		{AD1767D4-4636-4A86-9312-AA1829B063C0}.Debug|iPhone.Build.0 = Debug|Any CPU
		{AD1767D4-4636-4A86-9312-AA1829B063C0}.Debug|iPhone.Deploy.0 = Debug|Any CPU
		{AD1767D4-4636-4A86-9312-AA1829B063C0}.Debug|iPhoneSimulator.ActiveCfg = Debug|Any CPU
		{AD1767D4-4636-4A86-9312-AA1829B063C0}.Debug|iPhoneSimulator.Build.0 = Debug|Any CPU
		{AD1767D4-4636-4A86-9312-AA1829B063C0}.Debug|iPhoneSimulator.Deploy.0 = Debug|Any CPU
		{AD1767D4-4636-4A86-9312-AA1829B063C0}.Release|Any CPU.ActiveCfg = Release|Any CPU
		{AD1767D4-4636-4A86-9312-AA1829B063C0}.Release|Any CPU.Build.0 = Release|Any CPU
		{AD1767D4-4636-4A86-9312-AA1829B063C0}.Release|Any CPU.Deploy.0 = Release|Any CPU
		{AD1767D4-4636-4A86-9312-AA1829B063C0}.Release|iPhone.ActiveCfg = Release|Any CPU
		{AD1767D4-4636-4A86-9312-AA1829B063C0}.Release|iPhone.Build.0 = Release|Any CPU
		{AD1767D4-4636-4A86-9312-AA1829B063C0}.Release|iPhone.Deploy.0 = Release|Any CPU
		{AD1767D4-4636-4A86-9312-AA1829B063C0}.Release|iPhoneSimulator.ActiveCfg = Release|Any CPU
		{AD1767D4-4636-4A86-9312-AA1829B063C0}.Release|iPhoneSimulator.Build.0 = Release|Any CPU
		{AD1767D4-4636-4A86-9312-AA1829B063C0}.Release|iPhoneSimulator.Deploy.0 = Release|Any CPU
	EndGlobalSection
	GlobalSection(SolutionProperties) = preSolution
		HideSolutionNode = FALSE
	EndGlobalSection
	GlobalSection(ExtensibilityGlobals) = postSolution
		SolutionGuid = {258BD1ED-EF26-4B56-B8FE-8FA107883E8B}
	EndGlobalSection
EndGlobal
